
Microsoft Visual Studio Solution File, Format Version 12.00
# Visual Studio Version 16
VisualStudioVersion = 16.0.30621.155
MinimumVisualStudioVersion = 10.0.40219.1
Project("{FAE04EC0-301F-11D3-BF4B-00C04F79EFBC}") = "Automation bootcamp", "Automation bootcamp\Automation bootcamp.csproj", "{86F51D11-2704-4C81-A740-C6FADE27A20E}"
EndProject
Global
	GlobalSection(SolutionConfigurationPlatforms) = preSolution
		Debug|Any CPU = Debug|Any CPU
		Release|Any CPU = Release|Any CPU
	EndGlobalSection
	GlobalSection(ProjectConfigurationPlatforms) = postSolution
		{86F51D11-2704-4C81-A740-C6FADE27A20E}.Debug|Any CPU.ActiveCfg = Debug|Any CPU
		{86F51D11-2704-4C81-A740-C6FADE27A20E}.Debug|Any CPU.Build.0 = Debug|Any CPU
		{86F51D11-2704-4C81-A740-C6FADE27A20E}.Release|Any CPU.ActiveCfg = Release|Any CPU
		{86F51D11-2704-4C81-A740-C6FADE27A20E}.Release|Any CPU.Build.0 = Release|Any CPU
	EndGlobalSection
	GlobalSection(SolutionProperties) = preSolution
		HideSolutionNode = FALSE
	EndGlobalSection
	GlobalSection(ExtensibilityGlobals) = postSolution
		SolutionGuid = {F55F57C9-3519-4BB3-9BEE-599C37480CE7}
	EndGlobalSection
EndGlobal
